
Microsoft Visual Studio Solution File, Format Version 12.00
# Visual Studio Version 17
VisualStudioVersion = 17.4.33205.214
MinimumVisualStudioVersion = 10.0.40219.1
Project("{FAE04EC0-301F-11D3-BF4B-00C04F79EFBC}") = "lesson1", "lesson1\lesson1.csproj", "{5936DA29-C6D8-4FB8-8CC3-0C8FE92CF017}"
EndProject
Project("{FAE04EC0-301F-11D3-BF4B-00C04F79EFBC}") = "lesson3", "lesson3\lesson3.csproj", "{D15410F5-E306-4B4B-BE6A-56F1FB96D2F2}"
EndProject
Project("{FAE04EC0-301F-11D3-BF4B-00C04F79EFBC}") = "lesson2", "lesson2\lesson2.csproj", "{86341A72-A3A4-40B8-B8DC-AD1C74B327BB}"
EndProject
Global
	GlobalSection(SolutionConfigurationPlatforms) = preSolution
		Debug|Any CPU = Debug|Any CPU
		Release|Any CPU = Release|Any CPU
	EndGlobalSection
	GlobalSection(ProjectConfigurationPlatforms) = postSolution
		{5936DA29-C6D8-4FB8-8CC3-0C8FE92CF017}.Debug|Any CPU.ActiveCfg = Debug|Any CPU
		{5936DA29-C6D8-4FB8-8CC3-0C8FE92CF017}.Debug|Any CPU.Build.0 = Debug|Any CPU
		{5936DA29-C6D8-4FB8-8CC3-0C8FE92CF017}.Release|Any CPU.ActiveCfg = Release|Any CPU
		{5936DA29-C6D8-4FB8-8CC3-0C8FE92CF017}.Release|Any CPU.Build.0 = Release|Any CPU
		{D15410F5-E306-4B4B-BE6A-56F1FB96D2F2}.Debug|Any CPU.ActiveCfg = Debug|Any CPU
		{D15410F5-E306-4B4B-BE6A-56F1FB96D2F2}.Debug|Any CPU.Build.0 = Debug|Any CPU
		{D15410F5-E306-4B4B-BE6A-56F1FB96D2F2}.Release|Any CPU.ActiveCfg = Release|Any CPU
		{D15410F5-E306-4B4B-BE6A-56F1FB96D2F2}.Release|Any CPU.Build.0 = Release|Any CPU
		{86341A72-A3A4-40B8-B8DC-AD1C74B327BB}.Debug|Any CPU.ActiveCfg = Debug|Any CPU
		{86341A72-A3A4-40B8-B8DC-AD1C74B327BB}.Debug|Any CPU.Build.0 = Debug|Any CPU
		{86341A72-A3A4-40B8-B8DC-AD1C74B327BB}.Release|Any CPU.ActiveCfg = Release|Any CPU
		{86341A72-A3A4-40B8-B8DC-AD1C74B327BB}.Release|Any CPU.Build.0 = Release|Any CPU
	EndGlobalSection
	GlobalSection(SolutionProperties) = preSolution
		HideSolutionNode = FALSE
	EndGlobalSection
	GlobalSection(ExtensibilityGlobals) = postSolution
		SolutionGuid = {5D93DEFB-6902-4764-BAD5-4B6AF8181D55}
	EndGlobalSection
EndGlobal
